// !$*UTF8*$!
{
	archiveVersion = 1;
	classes = {
	};
	objectVersion = 46;
	objects = {

/* Begin PBXBuildFile section */
		2F67C61D959306C9AC64CC94 /* libPods-MobpexDemo.a in Frameworks */ = {isa = PBXBuildFile; fileRef = 03DC20F302511B959E44A5E8 /* libPods-MobpexDemo.a */; };
		E9574ACE1C9B94EA008682A9 /* main.m in Sources */ = {isa = PBXBuildFile; fileRef = E9574ACD1C9B94EA008682A9 /* main.m */; };
		E9574AD91C9B94EA008682A9 /* Assets.xcassets in Resources */ = {isa = PBXBuildFile; fileRef = E9574AD81C9B94EA008682A9 /* Assets.xcassets */; };
		E9574AE71C9B951F008682A9 /* AppDelegate.m in Sources */ = {isa = PBXBuildFile; fileRef = E9574AE41C9B951F008682A9 /* AppDelegate.m */; };
		E9574AE81C9B951F008682A9 /* HomeViewCtrl.m in Sources */ = {isa = PBXBuildFile; fileRef = E9574AE61C9B951F008682A9 /* HomeViewCtrl.m */; };
/* End PBXBuildFile section */

/* Begin PBXFileReference section */
		03DC20F302511B959E44A5E8 /* libPods-MobpexDemo.a */ = {isa = PBXFileReference; explicitFileType = archive.ar; includeInIndex = 0; path = "libPods-MobpexDemo.a"; sourceTree = BUILT_PRODUCTS_DIR; };
		1AF3B6DEB932C64B200BFBAD /* Pods-MobpexDemo.release.xcconfig */ = {isa = PBXFileReference; includeInIndex = 1; lastKnownFileType = text.xcconfig; name = "Pods-MobpexDemo.release.xcconfig"; path = "Pods/Target Support Files/Pods-MobpexDemo/Pods-MobpexDemo.release.xcconfig"; sourceTree = "<group>"; };
		6CB9DD9DD6A3C8712D407B85 /* Pods-MobpexDemo.debug.xcconfig */ = {isa = PBXFileReference; includeInIndex = 1; lastKnownFileType = text.xcconfig; name = "Pods-MobpexDemo.debug.xcconfig"; path = "Pods/Target Support Files/Pods-MobpexDemo/Pods-MobpexDemo.debug.xcconfig"; sourceTree = "<group>"; };
		E9574AC91C9B94EA008682A9 /* MobpexDemo.app */ = {isa = PBXFileReference; explicitFileType = wrapper.application; includeInIndex = 0; path = MobpexDemo.app; sourceTree = BUILT_PRODUCTS_DIR; };
		E9574ACD1C9B94EA008682A9 /* main.m */ = {isa = PBXFileReference; lastKnownFileType = sourcecode.c.objc; path = main.m; sourceTree = "<group>"; };
		E9574AD81C9B94EA008682A9 /* Assets.xcassets */ = {isa = PBXFileReference; lastKnownFileType = folder.assetcatalog; path = Assets.xcassets; sourceTree = "<group>"; };
		E9574ADD1C9B94EA008682A9 /* Info.plist */ = {isa = PBXFileReference; lastKnownFileType = text.plist.xml; path = Info.plist; sourceTree = "<group>"; };
		E9574AE31C9B951F008682A9 /* AppDelegate.h */ = {isa = PBXFileReference; fileEncoding = 4; lastKnownFileType = sourcecode.c.h; path = AppDelegate.h; sourceTree = "<group>"; };
		E9574AE41C9B951F008682A9 /* AppDelegate.m */ = {isa = PBXFileReference; fileEncoding = 4; lastKnownFileType = sourcecode.c.objc; path = AppDelegate.m; sourceTree = "<group>"; };
		E9574AE51C9B951F008682A9 /* HomeViewCtrl.h */ = {isa = PBXFileReference; fileEncoding = 4; lastKnownFileType = sourcecode.c.h; path = HomeViewCtrl.h; sourceTree = "<group>"; };
		E9574AE61C9B951F008682A9 /* HomeViewCtrl.m */ = {isa = PBXFileReference; fileEncoding = 4; lastKnownFileType = sourcecode.c.objc; path = HomeViewCtrl.m; sourceTree = "<group>"; };
/* End PBXFileReference section */

/* Begin PBXFrameworksBuildPhase section */
		E9574AC61C9B94EA008682A9 /* Frameworks */ = {
			isa = PBXFrameworksBuildPhase;
			buildActionMask = 2147483647;
			files = (
				2F67C61D959306C9AC64CC94 /* libPods-MobpexDemo.a in Frameworks */,
			);
			runOnlyForDeploymentPostprocessing = 0;
		};
/* End PBXFrameworksBuildPhase section */

/* Begin PBXGroup section */
		4A1CC3C001B6C71E38645355 /* Frameworks */ = {
			isa = PBXGroup;
			children = (
				03DC20F302511B959E44A5E8 /* libPods-MobpexDemo.a */,
			);
			name = Frameworks;
			sourceTree = "<group>";
		};
		E9574AC01C9B94EA008682A9 = {
			isa = PBXGroup;
			children = (
				E9574ACB1C9B94EA008682A9 /* MobpexDemo */,
				E9574ACA1C9B94EA008682A9 /* Products */,
				F71490E4C0E33613FD12BDA2 /* Pods */,
				4A1CC3C001B6C71E38645355 /* Frameworks */,
			);
			sourceTree = "<group>";
		};
		E9574ACA1C9B94EA008682A9 /* Products */ = {
			isa = PBXGroup;
			children = (
				E9574AC91C9B94EA008682A9 /* MobpexDemo.app */,
			);
			name = Products;
			sourceTree = "<group>";
		};
		E9574ACB1C9B94EA008682A9 /* MobpexDemo */ = {
			isa = PBXGroup;
			children = (
				E9574AE31C9B951F008682A9 /* AppDelegate.h */,
				E9574AE41C9B951F008682A9 /* AppDelegate.m */,
				E9574AE51C9B951F008682A9 /* HomeViewCtrl.h */,
				E9574AE61C9B951F008682A9 /* HomeViewCtrl.m */,
				E9574AD81C9B94EA008682A9 /* Assets.xcassets */,
				E9574ADD1C9B94EA008682A9 /* Info.plist */,
				E9574ACC1C9B94EA008682A9 /* Supporting Files */,
			);
			path = MobpexDemo;
			sourceTree = "<group>";
		};
		E9574ACC1C9B94EA008682A9 /* Supporting Files */ = {
			isa = PBXGroup;
			children = (
				E9574ACD1C9B94EA008682A9 /* main.m */,
			);
			name = "Supporting Files";
			sourceTree = "<group>";
		};
		F71490E4C0E33613FD12BDA2 /* Pods */ = {
			isa = PBXGroup;
			children = (
				6CB9DD9DD6A3C8712D407B85 /* Pods-MobpexDemo.debug.xcconfig */,
				1AF3B6DEB932C64B200BFBAD /* Pods-MobpexDemo.release.xcconfig */,
			);
			name = Pods;
			sourceTree = "<group>";
		};
/* End PBXGroup section */

/* Begin PBXNativeTarget section */
		E9574AC81C9B94EA008682A9 /* MobpexDemo */ = {
			isa = PBXNativeTarget;
			buildConfigurationList = E9574AE01C9B94EA008682A9 /* Build configuration list for PBXNativeTarget "MobpexDemo" */;
			buildPhases = (
				4C60BC4DB77A537C9C6B353A /* 📦 Check Pods Manifest.lock */,
				E9574AC51C9B94EA008682A9 /* Sources */,
				E9574AC61C9B94EA008682A9 /* Frameworks */,
				E9574AC71C9B94EA008682A9 /* Resources */,
				B09924E811B7D6D8FCACBB16 /* 📦 Embed Pods Frameworks */,
				B1A47FCB5F1D8A878CBF3BE6 /* 📦 Copy Pods Resources */,
			);
			buildRules = (
			);
			dependencies = (
			);
			name = MobpexDemo;
			productName = MobpexDemo;
			productReference = E9574AC91C9B94EA008682A9 /* MobpexDemo.app */;
			productType = "com.apple.product-type.application";
		};
/* End PBXNativeTarget section */

/* Begin PBXProject section */
		E9574AC11C9B94EA008682A9 /* Project object */ = {
			isa = PBXProject;
			attributes = {
				LastUpgradeCheck = 0720;
				ORGANIZATIONNAME = Mobpex;
				TargetAttributes = {
					E9574AC81C9B94EA008682A9 = {
						CreatedOnToolsVersion = 7.2.1;
						DevelopmentTeam = EH75P6KC7F;
					};
				};
			};
			buildConfigurationList = E9574AC41C9B94EA008682A9 /* Build configuration list for PBXProject "MobpexDemo" */;
			compatibilityVersion = "Xcode 3.2";
			developmentRegion = English;
			hasScannedForEncodings = 0;
			knownRegions = (
				en,
				Base,
			);
			mainGroup = E9574AC01C9B94EA008682A9;
			productRefGroup = E9574ACA1C9B94EA008682A9 /* Products */;
			projectDirPath = "";
			projectRoot = "";
			targets = (
				E9574AC81C9B94EA008682A9 /* MobpexDemo */,
			);
		};
/* End PBXProject section */

/* Begin PBXResourcesBuildPhase section */
		E9574AC71C9B94EA008682A9 /* Resources */ = {
			isa = PBXResourcesBuildPhase;
			buildActionMask = 2147483647;
			files = (
				E9574AD91C9B94EA008682A9 /* Assets.xcassets in Resources */,
			);
			runOnlyForDeploymentPostprocessing = 0;
		};
/* End PBXResourcesBuildPhase section */

/* Begin PBXShellScriptBuildPhase section */
		4C60BC4DB77A537C9C6B353A /* 📦 Check Pods Manifest.lock */ = {
			isa = PBXShellScriptBuildPhase;
			buildActionMask = 2147483647;
			files = (
			);
			inputPaths = (
			);
			name = "📦 Check Pods Manifest.lock";
			outputPaths = (
			);
			runOnlyForDeploymentPostprocessing = 0;
			shellPath = /bin/sh;
			shellScript = "diff \"${PODS_ROOT}/../Podfile.lock\" \"${PODS_ROOT}/Manifest.lock\" > /dev/null\nif [[ $? != 0 ]] ; then\n    cat << EOM\nerror: The sandbox is not in sync with the Podfile.lock. Run 'pod install' or update your CocoaPods installation.\nEOM\n    exit 1\nfi\n";
			showEnvVarsInLog = 0;
		};
		B09924E811B7D6D8FCACBB16 /* 📦 Embed Pods Frameworks */ = {
			isa = PBXShellScriptBuildPhase;
			buildActionMask = 2147483647;
			files = (
			);
			inputPaths = (
			);
			name = "📦 Embed Pods Frameworks";
			outputPaths = (
			);
			runOnlyForDeploymentPostprocessing = 0;
			shellPath = /bin/sh;
			shellScript = "\"${SRCROOT}/Pods/Target Support Files/Pods-MobpexDemo/Pods-MobpexDemo-frameworks.sh\"\n";
			showEnvVarsInLog = 0;
		};
		B1A47FCB5F1D8A878CBF3BE6 /* 📦 Copy Pods Resources */ = {
			isa = PBXShellScriptBuildPhase;
			buildActionMask = 2147483647;
			files = (
			);
			inputPaths = (
			);
			name = "📦 Copy Pods Resources";
			outputPaths = (
			);
			runOnlyForDeploymentPostprocessing = 0;
			shellPath = /bin/sh;
			shellScript = "\"${SRCROOT}/Pods/Target Support Files/Pods-MobpexDemo/Pods-MobpexDemo-resources.sh\"\n";
			showEnvVarsInLog = 0;
		};
/* End PBXShellScriptBuildPhase section */

/* Begin PBXSourcesBuildPhase section */
		E9574AC51C9B94EA008682A9 /* Sources */ = {
			isa = PBXSourcesBuildPhase;
			buildActionMask = 2147483647;
			files = (
				E9574AE71C9B951F008682A9 /* AppDelegate.m in Sources */,
				E9574ACE1C9B94EA008682A9 /* main.m in Sources */,
				E9574AE81C9B951F008682A9 /* HomeViewCtrl.m in Sources */,
			);
			runOnlyForDeploymentPostprocessing = 0;
		};
/* End PBXSourcesBuildPhase section */

/* Begin XCBuildConfiguration section */
		E9574ADE1C9B94EA008682A9 /* Debug */ = {
			isa = XCBuildConfiguration;
			buildSettings = {
				ALWAYS_SEARCH_USER_PATHS = NO;
				CLANG_CXX_LANGUAGE_STANDARD = "gnu++0x";
				CLANG_CXX_LIBRARY = "libc++";
				CLANG_ENABLE_MODULES = YES;
				CLANG_ENABLE_OBJC_ARC = YES;
				CLANG_WARN_BOOL_CONVERSION = YES;
				CLANG_WARN_CONSTANT_CONVERSION = YES;
				CLANG_WARN_DIRECT_OBJC_ISA_USAGE = YES_ERROR;
				CLANG_WARN_EMPTY_BODY = YES;
				CLANG_WARN_ENUM_CONVERSION = YES;
				CLANG_WARN_INT_CONVERSION = YES;
				CLANG_WARN_OBJC_ROOT_CLASS = YES_ERROR;
				CLANG_WARN_UNREACHABLE_CODE = YES;
				CLANG_WARN__DUPLICATE_METHOD_MATCH = YES;
				"CODE_SIGN_IDENTITY[sdk=iphoneos*]" = "iPhone Developer";
				COPY_PHASE_STRIP = NO;
				DEBUG_INFORMATION_FORMAT = dwarf;
				ENABLE_STRICT_OBJC_MSGSEND = YES;
				ENABLE_TESTABILITY = YES;
				GCC_C_LANGUAGE_STANDARD = gnu99;
				GCC_DYNAMIC_NO_PIC = NO;
				GCC_NO_COMMON_BLOCKS = YES;
				GCC_OPTIMIZATION_LEVEL = 0;
				GCC_PREPROCESSOR_DEFINITIONS = (
					"DEBUG=1",
					"$(inherited)",
				);
				GCC_WARN_64_TO_32_BIT_CONVERSION = YES;
				GCC_WARN_ABOUT_RETURN_TYPE = YES_ERROR;
				GCC_WARN_UNDECLARED_SELECTOR = YES;
				GCC_WARN_UNINITIALIZED_AUTOS = YES_AGGRESSIVE;
				GCC_WARN_UNUSED_FUNCTION = YES;
				GCC_WARN_UNUSED_VARIABLE = YES;
				IPHONEOS_DEPLOYMENT_TARGET = 9.2;
				MTL_ENABLE_DEBUG_INFO = YES;
				ONLY_ACTIVE_ARCH = YES;
				SDKROOT = iphoneos;
			};
			name = Debug;
		};
		E9574ADF1C9B94EA008682A9 /* Release */ = {
			isa = XCBuildConfiguration;
			buildSettings = {
				ALWAYS_SEARCH_USER_PATHS = NO;
				CLANG_CXX_LANGUAGE_STANDARD = "gnu++0x";
				CLANG_CXX_LIBRARY = "libc++";
				CLANG_ENABLE_MODULES = YES;
				CLANG_ENABLE_OBJC_ARC = YES;
				CLANG_WARN_BOOL_CONVERSION = YES;
				CLANG_WARN_CONSTANT_CONVERSION = YES;
				CLANG_WARN_DIRECT_OBJC_ISA_USAGE = YES_ERROR;
				CLANG_WARN_EMPTY_BODY = YES;
				CLANG_WARN_ENUM_CONVERSION = YES;
				CLANG_WARN_INT_CONVERSION = YES;
				CLANG_WARN_OBJC_ROOT_CLASS = YES_ERROR;
				CLANG_WARN_UNREACHABLE_CODE = YES;
				CLANG_WARN__DUPLICATE_METHOD_MATCH = YES;
				"CODE_SIGN_IDENTITY[sdk=iphoneos*]" = "iPhone Developer";
				COPY_PHASE_STRIP = NO;
				DEBUG_INFORMATION_FORMAT = "dwarf-with-dsym";
				ENABLE_NS_ASSERTIONS = NO;
				ENABLE_STRICT_OBJC_MSGSEND = YES;
				GCC_C_LANGUAGE_STANDARD = gnu99;
				GCC_NO_COMMON_BLOCKS = YES;
				GCC_WARN_64_TO_32_BIT_CONVERSION = YES;
				GCC_WARN_ABOUT_RETURN_TYPE = YES_ERROR;
				GCC_WARN_UNDECLARED_SELECTOR = YES;
				GCC_WARN_UNINITIALIZED_AUTOS = YES_AGGRESSIVE;
				GCC_WARN_UNUSED_FUNCTION = YES;
				GCC_WARN_UNUSED_VARIABLE = YES;
				IPHONEOS_DEPLOYMENT_TARGET = 9.2;
				MTL_ENABLE_DEBUG_INFO = NO;
				SDKROOT = iphoneos;
				VALIDATE_PRODUCT = YES;
			};
			name = Release;
		};
		E9574AE11C9B94EA008682A9 /* Debug */ = {
			isa = XCBuildConfiguration;
			baseConfigurationReference = 6CB9DD9DD6A3C8712D407B85 /* Pods-MobpexDemo.debug.xcconfig */;
			buildSettings = {
				ASSETCATALOG_COMPILER_APPICON_NAME = AppIcon;
				CODE_SIGN_IDENTITY = "iPhone Developer";
				INFOPLIST_FILE = MobpexDemo/Info.plist;
				LD_RUNPATH_SEARCH_PATHS = "$(inherited) @executable_path/Frameworks";
				PRODUCT_BUNDLE_IDENTIFIER = com.mobpex.MobpexDemo;
				PRODUCT_NAME = "$(TARGET_NAME)";
			};
			name = Debug;
		};
		E9574AE21C9B94EA008682A9 /* Release */ = {
			isa = XCBuildConfiguration;
			baseConfigurationReference = 1AF3B6DEB932C64B200BFBAD /* Pods-MobpexDemo.release.xcconfig */;
			buildSettings = {
				ASSETCATALOG_COMPILER_APPICON_NAME = AppIcon;
				CODE_SIGN_IDENTITY = "iPhone Developer";
				INFOPLIST_FILE = MobpexDemo/Info.plist;
				LD_RUNPATH_SEARCH_PATHS = "$(inherited) @executable_path/Frameworks";
				PRODUCT_BUNDLE_IDENTIFIER = com.mobpex.MobpexDemo;
				PRODUCT_NAME = "$(TARGET_NAME)";
			};
			name = Release;
		};
/* End XCBuildConfiguration section */

/* Begin XCConfigurationList section */
		E9574AC41C9B94EA008682A9 /* Build configuration list for PBXProject "MobpexDemo" */ = {
			isa = XCConfigurationList;
			buildConfigurations = (
				E9574ADE1C9B94EA008682A9 /* Debug */,
				E9574ADF1C9B94EA008682A9 /* Release */,
			);
			defaultConfigurationIsVisible = 0;
			defaultConfigurationName = Release;
		};
		E9574AE01C9B94EA008682A9 /* Build configuration list for PBXNativeTarget "MobpexDemo" */ = {
			isa = XCConfigurationList;
			buildConfigurations = (
				E9574AE11C9B94EA008682A9 /* Debug */,
				E9574AE21C9B94EA008682A9 /* Release */,
			);
			defaultConfigurationIsVisible = 0;
			defaultConfigurationName = Release;
		};
/* End XCConfigurationList section */
	};
	rootObject = E9574AC11C9B94EA008682A9 /* Project object */;
}
